
Microsoft Visual Studio Solution File, Format Version 12.00
# Visual Studio Version 16
VisualStudioVersion = 16.0.30204.135
MinimumVisualStudioVersion = 10.0.40219.1
Project("{FAE04EC0-301F-11D3-BF4B-00C04F79EFBC}") = "ContosoUniversity", "ContosoUniversity\ContosoUniversity.csproj", "{CE94E4EA-FE53-40CA-91F7-211B20137005}"
EndProject
Global
	GlobalSection(SolutionConfigurationPlatforms) = preSolution
		Debug|Any CPU = Debug|Any CPU
		Release|Any CPU = Release|Any CPU
	EndGlobalSection
	GlobalSection(ProjectConfigurationPlatforms) = postSolution
		{CE94E4EA-FE53-40CA-91F7-211B20137005}.Debug|Any CPU.ActiveCfg = Debug|Any CPU
		{CE94E4EA-FE53-40CA-91F7-211B20137005}.Debug|Any CPU.Build.0 = Debug|Any CPU
		{CE94E4EA-FE53-40CA-91F7-211B20137005}.Release|Any CPU.ActiveCfg = Release|Any CPU
		{CE94E4EA-FE53-40CA-91F7-211B20137005}.Release|Any CPU.Build.0 = Release|Any CPU
	EndGlobalSection
	GlobalSection(SolutionProperties) = preSolution
		HideSolutionNode = FALSE
	EndGlobalSection
	GlobalSection(ExtensibilityGlobals) = postSolution
		SolutionGuid = {5DACE61A-B4A8-4A09-8090-7EE7DA030C7E}
	EndGlobalSection
EndGlobal
